
Microsoft Visual Studio Solution File, Format Version 12.00
# Visual Studio 14
VisualStudioVersion = 14.0.25420.1
MinimumVisualStudioVersion = 10.0.40219.1
Project("{FAE04EC0-301F-11D3-BF4B-00C04F79EFBC}") = "PracticaExamen", "PracticaExamen\PracticaExamen.csproj", "{1F8794D7-FAC3-4733-94C5-A74A74A1626D}"
EndProject
Global
	GlobalSection(SolutionConfigurationPlatforms) = preSolution
		Debug|Any CPU = Debug|Any CPU
		Release|Any CPU = Release|Any CPU
	EndGlobalSection
	GlobalSection(ProjectConfigurationPlatforms) = postSolution
		{1F8794D7-FAC3-4733-94C5-A74A74A1626D}.Debug|Any CPU.ActiveCfg = Debug|Any CPU
		{1F8794D7-FAC3-4733-94C5-A74A74A1626D}.Debug|Any CPU.Build.0 = Debug|Any CPU
		{1F8794D7-FAC3-4733-94C5-A74A74A1626D}.Release|Any CPU.ActiveCfg = Release|Any CPU
		{1F8794D7-FAC3-4733-94C5-A74A74A1626D}.Release|Any CPU.Build.0 = Release|Any CPU
	EndGlobalSection
	GlobalSection(SolutionProperties) = preSolution
		HideSolutionNode = FALSE
	EndGlobalSection
EndGlobal
